PODS:
  - DZNEmptyDataSet (1.8.1)
  - MJRefresh (3.3.1)
  - SnapKit (4.2.0)

DEPENDENCIES:
  - DZNEmptyDataSet
  - MJRefresh
  - SnapKit

SPEC REPOS:
  trunk:
    - DZNEmptyDataSet
    - MJRefresh
    - SnapKit

SPEC CHECKSUMS:
  DZNEmptyDataSet: 9525833b9e68ac21c30253e1d3d7076cc828eaa7
  MJRefresh: eeda70fbf0ad277f3178cef1cd0c3532591d6237
  SnapKit: fe8a619752f3f27075cc9a90244d75c6c3f27e2a

PODFILE CHECKSUM: 67b5c78c6f6d2d7808f81e23d92d85026100a955

COCOAPODS: 1.8.3
